
Microsoft Visual Studio Solution File, Format Version 11.00
# Visual Studio 2010
Project("{FAE04EC0-301F-11D3-BF4B-00C04F79EFBC}") = "Moqtest", "Moqtest\Moqtest.csproj", "{11BB0CC6-CCFB-48DF-9B66-0048E8A702AD}"
EndProject
Project("{FAE04EC0-301F-11D3-BF4B-00C04F79EFBC}") = "Moqtest.Tests", "Moqtest.Tests\Moqtest.Tests.csproj", "{B21563A4-1B23-420A-8EAA-5015B288ED16}"
EndProject
Global
	GlobalSection(SolutionConfigurationPlatforms) = preSolution
		Debug|Any CPU = Debug|Any CPU
		Release|Any CPU = Release|Any CPU
	EndGlobalSection
	GlobalSection(ProjectConfigurationPlatforms) = postSolution
		{11BB0CC6-CCFB-48DF-9B66-0048E8A702AD}.Debug|Any CPU.ActiveCfg = Debug|Any CPU
		{11BB0CC6-CCFB-48DF-9B66-0048E8A702AD}.Debug|Any CPU.Build.0 = Debug|Any CPU
		{11BB0CC6-CCFB-48DF-9B66-0048E8A702AD}.Release|Any CPU.ActiveCfg = Release|Any CPU
		{11BB0CC6-CCFB-48DF-9B66-0048E8A702AD}.Release|Any CPU.Build.0 = Release|Any CPU
		{B21563A4-1B23-420A-8EAA-5015B288ED16}.Debug|Any CPU.ActiveCfg = Debug|Any CPU
		{B21563A4-1B23-420A-8EAA-5015B288ED16}.Debug|Any CPU.Build.0 = Debug|Any CPU
		{B21563A4-1B23-420A-8EAA-5015B288ED16}.Release|Any CPU.ActiveCfg = Release|Any CPU
		{B21563A4-1B23-420A-8EAA-5015B288ED16}.Release|Any CPU.Build.0 = Release|Any CPU
	EndGlobalSection
	GlobalSection(SolutionProperties) = preSolution
		HideSolutionNode = FALSE
	EndGlobalSection
EndGlobal
